
Microsoft Visual Studio Solution File, Format Version 12.00
# Visual Studio 2013
VisualStudioVersion = 12.0.31101.0
MinimumVisualStudioVersion = 10.0.40219.1
Project("{2150E333-8FDC-42A3-9474-1A3956D46DE8}") = "PartIII-EssentialTypes", "PartIII-EssentialTypes", "{300C7B87-E048-4FC2-AB71-CEBB037634D8}"
EndProject
Project("{2150E333-8FDC-42A3-9474-1A3956D46DE8}") = "PartI-CLR Basics", "PartI-CLR Basics", "{508E4262-AADF-4DAA-9192-C8260A7BFA17}"
EndProject
Project("{2150E333-8FDC-42A3-9474-1A3956D46DE8}") = "PartII-Designing Types", "PartII-Designing Types", "{64E9861D-D5D2-4D7E-B29D-2084552B2A94}"
EndProject
Project("{2150E333-8FDC-42A3-9474-1A3956D46DE8}") = "PartIV-Core Facilities", "PartIV-Core Facilities", "{0BC3E44E-D143-485C-8CBD-CD61A6BF0D37}"
EndProject
Project("{2150E333-8FDC-42A3-9474-1A3956D46DE8}") = "PartV-Threading", "PartV-Threading", "{0463E21E-05F8-4BE4-9BFB-FA2C65EC84DA}"
EndProject
Project("{2150E333-8FDC-42A3-9474-1A3956D46DE8}") = "chapter-14-Chars,String, Working With Text", "chapter-14-Chars,String, Working With Text", "{66676BAF-D36F-43BC-A34D-D596B688EF7A}"
EndProject
Project("{2150E333-8FDC-42A3-9474-1A3956D46DE8}") = "chapter-15-Enumerated Types and Bit flags", "chapter-15-Enumerated Types and Bit flags", "{81733EBA-3745-47D0-B80B-C7E0ADB14C32}"
EndProject
Project("{FAE04EC0-301F-11D3-BF4B-00C04F79EFBC}") = "BigFlags", "BigFlags\BigFlags.csproj", "{E0C7596D-CB1E-4007-9E62-10A7357B3734}"
EndProject
Project("{FAE04EC0-301F-11D3-BF4B-00C04F79EFBC}") = "Chars", "Chars\Chars.csproj", "{E2AA98A5-8C04-48CB-8A7A-6FCA41BB9E22}"
EndProject
Project("{FAE04EC0-301F-11D3-BF4B-00C04F79EFBC}") = "Strings", "Strings\Strings.csproj", "{32A1BA04-5179-4808-84D2-63BF21E9F24C}"
EndProject
Project("{FAE04EC0-301F-11D3-BF4B-00C04F79EFBC}") = "EnumeratedTypes", "EnumeratedTypes\EnumeratedTypes.csproj", "{1B2BBCE9-A062-465C-ADEC-0F196CD72C7D}"
EndProject
Project("{2150E333-8FDC-42A3-9474-1A3956D46DE8}") = "chapter-16-Arrays", "chapter-16-Arrays", "{48EC6BA0-17E1-4E61-8A8A-12F1B9E84F3B}"
EndProject
Project("{FAE04EC0-301F-11D3-BF4B-00C04F79EFBC}") = "Arrays", "Arrays\Arrays.csproj", "{68C6042B-8CC3-4B49-A937-873FF5AA5BFB}"
EndProject
Project("{2150E333-8FDC-42A3-9474-1A3956D46DE8}") = "chapter-17-Delegates", "chapter-17-Delegates", "{F144E7DB-359C-4A43-A46D-BA1B6AC550A0}"
EndProject
Project("{FAE04EC0-301F-11D3-BF4B-00C04F79EFBC}") = "Delegates", "Delegates\Delegates.csproj", "{E1DC7338-DA26-48E7-9E2C-333BA70DBD40}"
EndProject
Project("{2150E333-8FDC-42A3-9474-1A3956D46DE8}") = "chapter-19-Nullable Value Types", "chapter-19-Nullable Value Types", "{45E25391-5864-4A64-BEEF-19656F64B16B}"
EndProject
Project("{FAE04EC0-301F-11D3-BF4B-00C04F79EFBC}") = "NullableValueTypes", "NullableValueTypes\NullableValueTypes.csproj", "{1E8D3AF9-69EE-4B77-B2A5-EF74EBF30307}"
EndProject
Project("{2150E333-8FDC-42A3-9474-1A3956D46DE8}") = "chapter-18-Custom Attributes", "chapter-18-Custom Attributes", "{79BA700B-90C8-44A3-B5F4-D64B12EAD49F}"
EndProject
Project("{FAE04EC0-301F-11D3-BF4B-00C04F79EFBC}") = "CustomAttributes", "CustomAttributes\CustomAttributes.csproj", "{B1776BF4-4DED-4FF3-8D6F-8830D5B2D7DF}"
EndProject
Project("{2150E333-8FDC-42A3-9474-1A3956D46DE8}") = "chapter-4-TypeFundamentals", "chapter-4-TypeFundamentals", "{ADE74C43-FD14-4270-A6FA-4ED3C3C18BAF}"
EndProject
Project("{FAE04EC0-301F-11D3-BF4B-00C04F79EFBC}") = "TypeFundamentals", "TypeFundamentals\TypeFundamentals.csproj", "{46A8F533-87CA-44AD-9519-2981C5E255EB}"
EndProject
Global
	GlobalSection(SolutionConfigurationPlatforms) = preSolution
		Debug|Any CPU = Debug|Any CPU
		Release|Any CPU = Release|Any CPU
	EndGlobalSection
	GlobalSection(ProjectConfigurationPlatforms) = postSolution
		{E0C7596D-CB1E-4007-9E62-10A7357B3734}.Debug|Any CPU.ActiveCfg = Debug|Any CPU
		{E0C7596D-CB1E-4007-9E62-10A7357B3734}.Debug|Any CPU.Build.0 = Debug|Any CPU
		{E0C7596D-CB1E-4007-9E62-10A7357B3734}.Release|Any CPU.ActiveCfg = Release|Any CPU
		{E0C7596D-CB1E-4007-9E62-10A7357B3734}.Release|Any CPU.Build.0 = Release|Any CPU
		{E2AA98A5-8C04-48CB-8A7A-6FCA41BB9E22}.Debug|Any CPU.ActiveCfg = Debug|Any CPU
		{E2AA98A5-8C04-48CB-8A7A-6FCA41BB9E22}.Debug|Any CPU.Build.0 = Debug|Any CPU
		{E2AA98A5-8C04-48CB-8A7A-6FCA41BB9E22}.Release|Any CPU.ActiveCfg = Release|Any CPU
		{E2AA98A5-8C04-48CB-8A7A-6FCA41BB9E22}.Release|Any CPU.Build.0 = Release|Any CPU
		{32A1BA04-5179-4808-84D2-63BF21E9F24C}.Debug|Any CPU.ActiveCfg = Debug|Any CPU
		{32A1BA04-5179-4808-84D2-63BF21E9F24C}.Debug|Any CPU.Build.0 = Debug|Any CPU
		{32A1BA04-5179-4808-84D2-63BF21E9F24C}.Release|Any CPU.ActiveCfg = Release|Any CPU
		{32A1BA04-5179-4808-84D2-63BF21E9F24C}.Release|Any CPU.Build.0 = Release|Any CPU
		{1B2BBCE9-A062-465C-ADEC-0F196CD72C7D}.Debug|Any CPU.ActiveCfg = Debug|Any CPU
		{1B2BBCE9-A062-465C-ADEC-0F196CD72C7D}.Debug|Any CPU.Build.0 = Debug|Any CPU
		{1B2BBCE9-A062-465C-ADEC-0F196CD72C7D}.Release|Any CPU.ActiveCfg = Release|Any CPU
		{1B2BBCE9-A062-465C-ADEC-0F196CD72C7D}.Release|Any CPU.Build.0 = Release|Any CPU
		{68C6042B-8CC3-4B49-A937-873FF5AA5BFB}.Debug|Any CPU.ActiveCfg = Debug|Any CPU
		{68C6042B-8CC3-4B49-A937-873FF5AA5BFB}.Debug|Any CPU.Build.0 = Debug|Any CPU
		{68C6042B-8CC3-4B49-A937-873FF5AA5BFB}.Release|Any CPU.ActiveCfg = Release|Any CPU
		{68C6042B-8CC3-4B49-A937-873FF5AA5BFB}.Release|Any CPU.Build.0 = Release|Any CPU
		{E1DC7338-DA26-48E7-9E2C-333BA70DBD40}.Debug|Any CPU.ActiveCfg = Debug|Any CPU
		{E1DC7338-DA26-48E7-9E2C-333BA70DBD40}.Debug|Any CPU.Build.0 = Debug|Any CPU
		{E1DC7338-DA26-48E7-9E2C-333BA70DBD40}.Release|Any CPU.ActiveCfg = Release|Any CPU
		{E1DC7338-DA26-48E7-9E2C-333BA70DBD40}.Release|Any CPU.Build.0 = Release|Any CPU
		{1E8D3AF9-69EE-4B77-B2A5-EF74EBF30307}.Debug|Any CPU.ActiveCfg = Debug|Any CPU
		{1E8D3AF9-69EE-4B77-B2A5-EF74EBF30307}.Debug|Any CPU.Build.0 = Debug|Any CPU
		{1E8D3AF9-69EE-4B77-B2A5-EF74EBF30307}.Release|Any CPU.ActiveCfg = Release|Any CPU
		{1E8D3AF9-69EE-4B77-B2A5-EF74EBF30307}.Release|Any CPU.Build.0 = Release|Any CPU
		{B1776BF4-4DED-4FF3-8D6F-8830D5B2D7DF}.Debug|Any CPU.ActiveCfg = Debug|Any CPU
		{B1776BF4-4DED-4FF3-8D6F-8830D5B2D7DF}.Debug|Any CPU.Build.0 = Debug|Any CPU
		{B1776BF4-4DED-4FF3-8D6F-8830D5B2D7DF}.Release|Any CPU.ActiveCfg = Release|Any CPU
		{B1776BF4-4DED-4FF3-8D6F-8830D5B2D7DF}.Release|Any CPU.Build.0 = Release|Any CPU
		{46A8F533-87CA-44AD-9519-2981C5E255EB}.Debug|Any CPU.ActiveCfg = Debug|Any CPU
		{46A8F533-87CA-44AD-9519-2981C5E255EB}.Debug|Any CPU.Build.0 = Debug|Any CPU
		{46A8F533-87CA-44AD-9519-2981C5E255EB}.Release|Any CPU.ActiveCfg = Release|Any CPU
		{46A8F533-87CA-44AD-9519-2981C5E255EB}.Release|Any CPU.Build.0 = Release|Any CPU
	EndGlobalSection
	GlobalSection(SolutionProperties) = preSolution
		HideSolutionNode = FALSE
	EndGlobalSection
	GlobalSection(NestedProjects) = preSolution
		{66676BAF-D36F-43BC-A34D-D596B688EF7A} = {300C7B87-E048-4FC2-AB71-CEBB037634D8}
		{81733EBA-3745-47D0-B80B-C7E0ADB14C32} = {300C7B87-E048-4FC2-AB71-CEBB037634D8}
		{E0C7596D-CB1E-4007-9E62-10A7357B3734} = {81733EBA-3745-47D0-B80B-C7E0ADB14C32}
		{E2AA98A5-8C04-48CB-8A7A-6FCA41BB9E22} = {66676BAF-D36F-43BC-A34D-D596B688EF7A}
		{32A1BA04-5179-4808-84D2-63BF21E9F24C} = {66676BAF-D36F-43BC-A34D-D596B688EF7A}
		{1B2BBCE9-A062-465C-ADEC-0F196CD72C7D} = {81733EBA-3745-47D0-B80B-C7E0ADB14C32}
		{48EC6BA0-17E1-4E61-8A8A-12F1B9E84F3B} = {300C7B87-E048-4FC2-AB71-CEBB037634D8}
		{68C6042B-8CC3-4B49-A937-873FF5AA5BFB} = {48EC6BA0-17E1-4E61-8A8A-12F1B9E84F3B}
		{F144E7DB-359C-4A43-A46D-BA1B6AC550A0} = {300C7B87-E048-4FC2-AB71-CEBB037634D8}
		{E1DC7338-DA26-48E7-9E2C-333BA70DBD40} = {F144E7DB-359C-4A43-A46D-BA1B6AC550A0}
		{45E25391-5864-4A64-BEEF-19656F64B16B} = {300C7B87-E048-4FC2-AB71-CEBB037634D8}
		{1E8D3AF9-69EE-4B77-B2A5-EF74EBF30307} = {45E25391-5864-4A64-BEEF-19656F64B16B}
		{79BA700B-90C8-44A3-B5F4-D64B12EAD49F} = {300C7B87-E048-4FC2-AB71-CEBB037634D8}
		{B1776BF4-4DED-4FF3-8D6F-8830D5B2D7DF} = {79BA700B-90C8-44A3-B5F4-D64B12EAD49F}
		{ADE74C43-FD14-4270-A6FA-4ED3C3C18BAF} = {64E9861D-D5D2-4D7E-B29D-2084552B2A94}
		{46A8F533-87CA-44AD-9519-2981C5E255EB} = {ADE74C43-FD14-4270-A6FA-4ED3C3C18BAF}
	EndGlobalSection
EndGlobal
